
Microsoft Visual Studio Solution File, Format Version 12.00
# Visual Studio Version 17
VisualStudioVersion = 17.1.32210.238
MinimumVisualStudioVersion = 10.0.40219.1
Project("{FAE04EC0-301F-11D3-BF4B-00C04F79EFBC}") = "University_Lander", "University_Lander.csproj", "{24C2D1ED-83BE-47AF-B369-FB22D696CE9A}"
EndProject
Global
	GlobalSection(SolutionConfigurationPlatforms) = preSolution
		Debug|Any CPU = Debug|Any CPU
		Release|Any CPU = Release|Any CPU
	EndGlobalSection
	GlobalSection(ProjectConfigurationPlatforms) = postSolution
		{24C2D1ED-83BE-47AF-B369-FB22D696CE9A}.Debug|Any CPU.ActiveCfg = Debug|Any CPU
		{24C2D1ED-83BE-47AF-B369-FB22D696CE9A}.Debug|Any CPU.Build.0 = Debug|Any CPU
		{24C2D1ED-83BE-47AF-B369-FB22D696CE9A}.Release|Any CPU.ActiveCfg = Release|Any CPU
		{24C2D1ED-83BE-47AF-B369-FB22D696CE9A}.Release|Any CPU.Build.0 = Release|Any CPU
	EndGlobalSection
	GlobalSection(SolutionProperties) = preSolution
		HideSolutionNode = FALSE
	EndGlobalSection
	GlobalSection(ExtensibilityGlobals) = postSolution
		SolutionGuid = {D6F096D2-3637-42B1-9156-A44D33372725}
	EndGlobalSection
EndGlobal
